
Microsoft Visual Studio Solution File, Format Version 12.00
# Visual Studio 15
VisualStudioVersion = 15.0.26430.6
MinimumVisualStudioVersion = 10.0.40219.1
Project("{FAE04EC0-301F-11D3-BF4B-00C04F79EFBC}") = "Problem 5. Magic Exchangeable Words", "String and Regex\Problem 5. Magic Exchangeable Words.csproj", "{386571EF-4A76-46BD-9559-4CFB09ECE6CD}"
EndProject
Project("{FAE04EC0-301F-11D3-BF4B-00C04F79EFBC}") = "Problem 7. Multiply Big Number", "Problem 7. Multiply Big Number\Problem 7. Multiply Big Number.csproj", "{15073336-65E8-4F7F-87BA-7524B569715D}"
EndProject
Project("{FAE04EC0-301F-11D3-BF4B-00C04F79EFBC}") = "Problem 8.Letters Change Numbers", "Problem 8.Letters Change Numbers\Problem 8.Letters Change Numbers.csproj", "{793D9BB5-713D-4148-BBAB-5978EC45C40D}"
EndProject
Project("{FAE04EC0-301F-11D3-BF4B-00C04F79EFBC}") = "Melrah Shake", "Melrah Shake\Melrah Shake.csproj", "{A16ACAAC-6978-4089-B094-954F519F3F75}"
EndProject
Project("{FAE04EC0-301F-11D3-BF4B-00C04F79EFBC}") = "Melrah_Shake_With_Substrings", "Melrah_Shake_With_Substrings\Melrah_Shake_With_Substrings.csproj", "{48229D41-5F92-46AB-9405-9220552CC7AB}"
EndProject
Project("{FAE04EC0-301F-11D3-BF4B-00C04F79EFBC}") = "1. Extract Emails", "1. Extract Emails\1. Extract Emails.csproj", "{BDA8A1CD-D2D7-4848-B0B9-9F62F4AED263}"
EndProject
Project("{FAE04EC0-301F-11D3-BF4B-00C04F79EFBC}") = "3. Camera View", "3. Camera View\3. Camera View.csproj", "{AF6404F7-FDC8-43DE-8E9B-70770F21EB8C}"
EndProject
Project("{FAE04EC0-301F-11D3-BF4B-00C04F79EFBC}") = "4. Weather", "4. Weather\4. Weather.csproj", "{813F65FD-93BE-46D8-8B64-FDC144D57AB8}"
EndProject
Project("{FAE04EC0-301F-11D3-BF4B-00C04F79EFBC}") = "5. Key Replacer", "5. Key Replacer\5. Key Replacer.csproj", "{7BE7D453-75A7-43AE-933B-78B5BC46EFD3}"
EndProject
Project("{FAE04EC0-301F-11D3-BF4B-00C04F79EFBC}") = "Use Your Chains, Buddy", "Use Your Chains, Buddy\Use Your Chains, Buddy.csproj", "{7784918E-D1D3-4178-8346-9C5D74BA4650}"
EndProject
Project("{FAE04EC0-301F-11D3-BF4B-00C04F79EFBC}") = "1. Censorship", "1. Censorship\1. Censorship.csproj", "{4E16AC40-3E10-40A1-8D35-AF126763697D}"
EndProject
Project("{FAE04EC0-301F-11D3-BF4B-00C04F79EFBC}") = "2. Email Me", "2. Email Me\2. Email Me.csproj", "{6E571E96-28CE-48C1-9C46-C710879D51F1}"
EndProject
Project("{FAE04EC0-301F-11D3-BF4B-00C04F79EFBC}") = "3. Karate Strings", "3. Karate Strings\3. Karate Strings.csproj", "{12B2A1B6-CA02-4377-B194-66A63E237039}"
EndProject
Project("{FAE04EC0-301F-11D3-BF4B-00C04F79EFBC}") = "Morse Code Upgraded", "Morse Code Upgraded\Morse Code Upgraded.csproj", "{34FA88D7-061E-44B5-AE27-A2F6CDF20C5E}"
EndProject
Project("{FAE04EC0-301F-11D3-BF4B-00C04F79EFBC}") = "5. Only Letters", "5. Only Letters\5. Only Letters.csproj", "{AB972232-16D1-4D95-870E-E99DB7240547}"
EndProject
Project("{FAE04EC0-301F-11D3-BF4B-00C04F79EFBC}") = "6. Email Statistics", "6. Email Statistics\6. Email Statistics.csproj", "{124F95A3-BFFA-4ED0-84D8-59774A7B552E}"
EndProject
Project("{FAE04EC0-301F-11D3-BF4B-00C04F79EFBC}") = "7. Hideout", "7. Hideout\7. Hideout.csproj", "{FE1DCC8A-38BA-42D7-985F-CBE57BB7240C}"
EndProject
Project("{FAE04EC0-301F-11D3-BF4B-00C04F79EFBC}") = "Mines", "Mines\Mines.csproj", "{9B3A37E6-B787-4F45-8551-8623699867F0}"
EndProject
Global
	GlobalSection(SolutionConfigurationPlatforms) = preSolution
		Debug|Any CPU = Debug|Any CPU
		Release|Any CPU = Release|Any CPU
	EndGlobalSection
	GlobalSection(ProjectConfigurationPlatforms) = postSolution
		{386571EF-4A76-46BD-9559-4CFB09ECE6CD}.Debug|Any CPU.ActiveCfg = Debug|Any CPU
		{386571EF-4A76-46BD-9559-4CFB09ECE6CD}.Debug|Any CPU.Build.0 = Debug|Any CPU
		{386571EF-4A76-46BD-9559-4CFB09ECE6CD}.Release|Any CPU.ActiveCfg = Release|Any CPU
		{386571EF-4A76-46BD-9559-4CFB09ECE6CD}.Release|Any CPU.Build.0 = Release|Any CPU
		{15073336-65E8-4F7F-87BA-7524B569715D}.Debug|Any CPU.ActiveCfg = Debug|Any CPU
		{15073336-65E8-4F7F-87BA-7524B569715D}.Debug|Any CPU.Build.0 = Debug|Any CPU
		{15073336-65E8-4F7F-87BA-7524B569715D}.Release|Any CPU.ActiveCfg = Release|Any CPU
		{15073336-65E8-4F7F-87BA-7524B569715D}.Release|Any CPU.Build.0 = Release|Any CPU
		{793D9BB5-713D-4148-BBAB-5978EC45C40D}.Debug|Any CPU.ActiveCfg = Debug|Any CPU
		{793D9BB5-713D-4148-BBAB-5978EC45C40D}.Debug|Any CPU.Build.0 = Debug|Any CPU
		{793D9BB5-713D-4148-BBAB-5978EC45C40D}.Release|Any CPU.ActiveCfg = Release|Any CPU
		{793D9BB5-713D-4148-BBAB-5978EC45C40D}.Release|Any CPU.Build.0 = Release|Any CPU
		{A16ACAAC-6978-4089-B094-954F519F3F75}.Debug|Any CPU.ActiveCfg = Debug|Any CPU
		{A16ACAAC-6978-4089-B094-954F519F3F75}.Debug|Any CPU.Build.0 = Debug|Any CPU
		{A16ACAAC-6978-4089-B094-954F519F3F75}.Release|Any CPU.ActiveCfg = Release|Any CPU
		{A16ACAAC-6978-4089-B094-954F519F3F75}.Release|Any CPU.Build.0 = Release|Any CPU
		{48229D41-5F92-46AB-9405-9220552CC7AB}.Debug|Any CPU.ActiveCfg = Debug|Any CPU
		{48229D41-5F92-46AB-9405-9220552CC7AB}.Debug|Any CPU.Build.0 = Debug|Any CPU
		{48229D41-5F92-46AB-9405-9220552CC7AB}.Release|Any CPU.ActiveCfg = Release|Any CPU
		{48229D41-5F92-46AB-9405-9220552CC7AB}.Release|Any CPU.Build.0 = Release|Any CPU
		{BDA8A1CD-D2D7-4848-B0B9-9F62F4AED263}.Debug|Any CPU.ActiveCfg = Debug|Any CPU
		{BDA8A1CD-D2D7-4848-B0B9-9F62F4AED263}.Debug|Any CPU.Build.0 = Debug|Any CPU
		{BDA8A1CD-D2D7-4848-B0B9-9F62F4AED263}.Release|Any CPU.ActiveCfg = Release|Any CPU
		{BDA8A1CD-D2D7-4848-B0B9-9F62F4AED263}.Release|Any CPU.Build.0 = Release|Any CPU
		{AF6404F7-FDC8-43DE-8E9B-70770F21EB8C}.Debug|Any CPU.ActiveCfg = Debug|Any CPU
		{AF6404F7-FDC8-43DE-8E9B-70770F21EB8C}.Debug|Any CPU.Build.0 = Debug|Any CPU
		{AF6404F7-FDC8-43DE-8E9B-70770F21EB8C}.Release|Any CPU.ActiveCfg = Release|Any CPU
		{AF6404F7-FDC8-43DE-8E9B-70770F21EB8C}.Release|Any CPU.Build.0 = Release|Any CPU
		{813F65FD-93BE-46D8-8B64-FDC144D57AB8}.Debug|Any CPU.ActiveCfg = Debug|Any CPU
		{813F65FD-93BE-46D8-8B64-FDC144D57AB8}.Debug|Any CPU.Build.0 = Debug|Any CPU
		{813F65FD-93BE-46D8-8B64-FDC144D57AB8}.Release|Any CPU.ActiveCfg = Release|Any CPU
		{813F65FD-93BE-46D8-8B64-FDC144D57AB8}.Release|Any CPU.Build.0 = Release|Any CPU
		{7BE7D453-75A7-43AE-933B-78B5BC46EFD3}.Debug|Any CPU.ActiveCfg = Debug|Any CPU
		{7BE7D453-75A7-43AE-933B-78B5BC46EFD3}.Debug|Any CPU.Build.0 = Debug|Any CPU
		{7BE7D453-75A7-43AE-933B-78B5BC46EFD3}.Release|Any CPU.ActiveCfg = Release|Any CPU
		{7BE7D453-75A7-43AE-933B-78B5BC46EFD3}.Release|Any CPU.Build.0 = Release|Any CPU
		{7784918E-D1D3-4178-8346-9C5D74BA4650}.Debug|Any CPU.ActiveCfg = Debug|Any CPU
		{7784918E-D1D3-4178-8346-9C5D74BA4650}.Debug|Any CPU.Build.0 = Debug|Any CPU
		{7784918E-D1D3-4178-8346-9C5D74BA4650}.Release|Any CPU.ActiveCfg = Release|Any CPU
		{7784918E-D1D3-4178-8346-9C5D74BA4650}.Release|Any CPU.Build.0 = Release|Any CPU
		{4E16AC40-3E10-40A1-8D35-AF126763697D}.Debug|Any CPU.ActiveCfg = Debug|Any CPU
		{4E16AC40-3E10-40A1-8D35-AF126763697D}.Debug|Any CPU.Build.0 = Debug|Any CPU
		{4E16AC40-3E10-40A1-8D35-AF126763697D}.Release|Any CPU.ActiveCfg = Release|Any CPU
		{4E16AC40-3E10-40A1-8D35-AF126763697D}.Release|Any CPU.Build.0 = Release|Any CPU
		{6E571E96-28CE-48C1-9C46-C710879D51F1}.Debug|Any CPU.ActiveCfg = Debug|Any CPU
		{6E571E96-28CE-48C1-9C46-C710879D51F1}.Debug|Any CPU.Build.0 = Debug|Any CPU
		{6E571E96-28CE-48C1-9C46-C710879D51F1}.Release|Any CPU.ActiveCfg = Release|Any CPU
		{6E571E96-28CE-48C1-9C46-C710879D51F1}.Release|Any CPU.Build.0 = Release|Any CPU
		{12B2A1B6-CA02-4377-B194-66A63E237039}.Debug|Any CPU.ActiveCfg = Debug|Any CPU
		{12B2A1B6-CA02-4377-B194-66A63E237039}.Debug|Any CPU.Build.0 = Debug|Any CPU
		{12B2A1B6-CA02-4377-B194-66A63E237039}.Release|Any CPU.ActiveCfg = Release|Any CPU
		{12B2A1B6-CA02-4377-B194-66A63E237039}.Release|Any CPU.Build.0 = Release|Any CPU
		{34FA88D7-061E-44B5-AE27-A2F6CDF20C5E}.Debug|Any CPU.ActiveCfg = Debug|Any CPU
		{34FA88D7-061E-44B5-AE27-A2F6CDF20C5E}.Debug|Any CPU.Build.0 = Debug|Any CPU
		{34FA88D7-061E-44B5-AE27-A2F6CDF20C5E}.Release|Any CPU.ActiveCfg = Release|Any CPU
		{34FA88D7-061E-44B5-AE27-A2F6CDF20C5E}.Release|Any CPU.Build.0 = Release|Any CPU
		{AB972232-16D1-4D95-870E-E99DB7240547}.Debug|Any CPU.ActiveCfg = Debug|Any CPU
		{AB972232-16D1-4D95-870E-E99DB7240547}.Debug|Any CPU.Build.0 = Debug|Any CPU
		{AB972232-16D1-4D95-870E-E99DB7240547}.Release|Any CPU.ActiveCfg = Release|Any CPU
		{AB972232-16D1-4D95-870E-E99DB7240547}.Release|Any CPU.Build.0 = Release|Any CPU
		{124F95A3-BFFA-4ED0-84D8-59774A7B552E}.Debug|Any CPU.ActiveCfg = Debug|Any CPU
		{124F95A3-BFFA-4ED0-84D8-59774A7B552E}.Debug|Any CPU.Build.0 = Debug|Any CPU
		{124F95A3-BFFA-4ED0-84D8-59774A7B552E}.Release|Any CPU.ActiveCfg = Release|Any CPU
		{124F95A3-BFFA-4ED0-84D8-59774A7B552E}.Release|Any CPU.Build.0 = Release|Any CPU
		{FE1DCC8A-38BA-42D7-985F-CBE57BB7240C}.Debug|Any CPU.ActiveCfg = Debug|Any CPU
		{FE1DCC8A-38BA-42D7-985F-CBE57BB7240C}.Debug|Any CPU.Build.0 = Debug|Any CPU
		{FE1DCC8A-38BA-42D7-985F-CBE57BB7240C}.Release|Any CPU.ActiveCfg = Release|Any CPU
		{FE1DCC8A-38BA-42D7-985F-CBE57BB7240C}.Release|Any CPU.Build.0 = Release|Any CPU
		{9B3A37E6-B787-4F45-8551-8623699867F0}.Debug|Any CPU.ActiveCfg = Debug|Any CPU
		{9B3A37E6-B787-4F45-8551-8623699867F0}.Debug|Any CPU.Build.0 = Debug|Any CPU
		{9B3A37E6-B787-4F45-8551-8623699867F0}.Release|Any CPU.ActiveCfg = Release|Any CPU
		{9B3A37E6-B787-4F45-8551-8623699867F0}.Release|Any CPU.Build.0 = Release|Any CPU
	EndGlobalSection
	GlobalSection(SolutionProperties) = preSolution
		HideSolutionNode = FALSE
	EndGlobalSection
EndGlobal
