
Microsoft Visual Studio Solution File, Format Version 12.00
# Visual Studio 15
VisualStudioVersion = 15.0.26430.6
MinimumVisualStudioVersion = 10.0.40219.1
Project("{FAE04EC0-301F-11D3-BF4B-00C04F79EFBC}") = "Greeting", "Greeting\Greeting.csproj", "{E7C3F0E9-BCC4-4856-977E-7CE5154725FB}"
EndProject
Project("{FAE04EC0-301F-11D3-BF4B-00C04F79EFBC}") = "Add two numbers", "ConsoleApp1\Add two numbers.csproj", "{96AFACFD-2FE7-496F-AF83-84ED30882F07}"
EndProject
Project("{FAE04EC0-301F-11D3-BF4B-00C04F79EFBC}") = "Employee Data", "Employee Data\Employee Data.csproj", "{FFB80C39-24A9-48BE-BE41-A1BB898F3311}"
EndProject
Global
	GlobalSection(SolutionConfigurationPlatforms) = preSolution
		Debug|Any CPU = Debug|Any CPU
		Release|Any CPU = Release|Any CPU
	EndGlobalSection
	GlobalSection(ProjectConfigurationPlatforms) = postSolution
		{E7C3F0E9-BCC4-4856-977E-7CE5154725FB}.Debug|Any CPU.ActiveCfg = Debug|Any CPU
		{E7C3F0E9-BCC4-4856-977E-7CE5154725FB}.Debug|Any CPU.Build.0 = Debug|Any CPU
		{E7C3F0E9-BCC4-4856-977E-7CE5154725FB}.Release|Any CPU.ActiveCfg = Release|Any CPU
		{E7C3F0E9-BCC4-4856-977E-7CE5154725FB}.Release|Any CPU.Build.0 = Release|Any CPU
		{96AFACFD-2FE7-496F-AF83-84ED30882F07}.Debug|Any CPU.ActiveCfg = Debug|Any CPU
		{96AFACFD-2FE7-496F-AF83-84ED30882F07}.Debug|Any CPU.Build.0 = Debug|Any CPU
		{96AFACFD-2FE7-496F-AF83-84ED30882F07}.Release|Any CPU.ActiveCfg = Release|Any CPU
		{96AFACFD-2FE7-496F-AF83-84ED30882F07}.Release|Any CPU.Build.0 = Release|Any CPU
		{FFB80C39-24A9-48BE-BE41-A1BB898F3311}.Debug|Any CPU.ActiveCfg = Debug|Any CPU
		{FFB80C39-24A9-48BE-BE41-A1BB898F3311}.Debug|Any CPU.Build.0 = Debug|Any CPU
		{FFB80C39-24A9-48BE-BE41-A1BB898F3311}.Release|Any CPU.ActiveCfg = Release|Any CPU
		{FFB80C39-24A9-48BE-BE41-A1BB898F3311}.Release|Any CPU.Build.0 = Release|Any CPU
	EndGlobalSection
	GlobalSection(SolutionProperties) = preSolution
		HideSolutionNode = FALSE
	EndGlobalSection
EndGlobal
