
Microsoft Visual Studio Solution File, Format Version 12.00
# Visual Studio 15
VisualStudioVersion = 15.0.26430.6
MinimumVisualStudioVersion = 10.0.40219.1
Project("{FAE04EC0-301F-11D3-BF4B-00C04F79EFBC}") = "Choose a Drink", "Choose a Drink\Choose a Drink.csproj", "{36299A88-1BF3-4417-808E-A9DE8D6027CE}"
EndProject
Project("{FAE04EC0-301F-11D3-BF4B-00C04F79EFBC}") = "Choose a Drink 2.0", "Choose a Drink 2.0\Choose a Drink 2.0.csproj", "{FC1C7E2C-7EC6-4583-9266-182FEFC1DCC2}"
EndProject
Project("{FAE04EC0-301F-11D3-BF4B-00C04F79EFBC}") = "Restaurant Discount", "Restaurant Discount\Restaurant Discount.csproj", "{ED3859CC-62DF-44B6-98DD-4B3073CCE2BA}"
EndProject
Project("{FAE04EC0-301F-11D3-BF4B-00C04F79EFBC}") = "Hotel", "Hotel\Hotel.csproj", "{80985CF2-9EB2-4AD5-ABF4-4F25CB08B883}"
EndProject
Project("{FAE04EC0-301F-11D3-BF4B-00C04F79EFBC}") = "Interval of Numbers", "Interval of Numbers\Interval of Numbers.csproj", "{4BBC9BEB-8359-41E4-822B-A623D292F660}"
EndProject
Project("{FAE04EC0-301F-11D3-BF4B-00C04F79EFBC}") = "Cake Ingredients", "Cake Ingredients\Cake Ingredients.csproj", "{F5D6C765-1C49-4649-89BE-4BE3F9DA7C5D}"
EndProject
Project("{FAE04EC0-301F-11D3-BF4B-00C04F79EFBC}") = "Calories Counter", "Calories Counter\Calories Counter.csproj", "{EF623E99-5E59-4FA0-BE38-A563C20BC483}"
EndProject
Project("{FAE04EC0-301F-11D3-BF4B-00C04F79EFBC}") = "Count the Integers", "Count the Integers\Count the Integers.csproj", "{B99D9ACE-312E-4D2E-BD0F-71D4CD60DF15}"
EndProject
Project("{FAE04EC0-301F-11D3-BF4B-00C04F79EFBC}") = "Triangle of Numbers", "Triangle of Numbers\Triangle of Numbers.csproj", "{97453CF0-5DBF-4C2F-8463-872E40098560}"
EndProject
Project("{FAE04EC0-301F-11D3-BF4B-00C04F79EFBC}") = "5 Different Numbers", "5 Different Numbers\5 Different Numbers.csproj", "{5ADB2188-4896-447A-8628-916627D8C065}"
EndProject
Project("{FAE04EC0-301F-11D3-BF4B-00C04F79EFBC}") = "Test Numbers", "Test Numbers\Test Numbers.csproj", "{96D4A912-5408-4F92-9499-2747672C5264}"
EndProject
Project("{FAE04EC0-301F-11D3-BF4B-00C04F79EFBC}") = "Game of Numbers", "Game of Numbers\Game of Numbers.csproj", "{0E77B73F-3FA5-4B0B-B1EF-5DAE7DAFC9B2}"
EndProject
Project("{FAE04EC0-301F-11D3-BF4B-00C04F79EFBC}") = "Magic Letter", "Magic Letter\Magic Letter.csproj", "{7F9BBA77-CE2B-4F30-9B91-DF4D881E7693}"
EndProject
Project("{FAE04EC0-301F-11D3-BF4B-00C04F79EFBC}") = "Neighbour Wars", "Neighbour Wars\Neighbour Wars.csproj", "{85ECAFDB-E3E9-46BB-A3E5-32C8CBD7B08C}"
EndProject
Project("{FAE04EC0-301F-11D3-BF4B-00C04F79EFBC}") = "Word in Plural", "Word in Plural\Word in Plural.csproj", "{B152FD47-261A-4A90-BC30-7CBA51F834E6}"
EndProject
Global
	GlobalSection(SolutionConfigurationPlatforms) = preSolution
		Debug|Any CPU = Debug|Any CPU
		Release|Any CPU = Release|Any CPU
	EndGlobalSection
	GlobalSection(ProjectConfigurationPlatforms) = postSolution
		{36299A88-1BF3-4417-808E-A9DE8D6027CE}.Debug|Any CPU.ActiveCfg = Debug|Any CPU
		{36299A88-1BF3-4417-808E-A9DE8D6027CE}.Debug|Any CPU.Build.0 = Debug|Any CPU
		{36299A88-1BF3-4417-808E-A9DE8D6027CE}.Release|Any CPU.ActiveCfg = Release|Any CPU
		{36299A88-1BF3-4417-808E-A9DE8D6027CE}.Release|Any CPU.Build.0 = Release|Any CPU
		{FC1C7E2C-7EC6-4583-9266-182FEFC1DCC2}.Debug|Any CPU.ActiveCfg = Debug|Any CPU
		{FC1C7E2C-7EC6-4583-9266-182FEFC1DCC2}.Debug|Any CPU.Build.0 = Debug|Any CPU
		{FC1C7E2C-7EC6-4583-9266-182FEFC1DCC2}.Release|Any CPU.ActiveCfg = Release|Any CPU
		{FC1C7E2C-7EC6-4583-9266-182FEFC1DCC2}.Release|Any CPU.Build.0 = Release|Any CPU
		{ED3859CC-62DF-44B6-98DD-4B3073CCE2BA}.Debug|Any CPU.ActiveCfg = Debug|Any CPU
		{ED3859CC-62DF-44B6-98DD-4B3073CCE2BA}.Debug|Any CPU.Build.0 = Debug|Any CPU
		{ED3859CC-62DF-44B6-98DD-4B3073CCE2BA}.Release|Any CPU.ActiveCfg = Release|Any CPU
		{ED3859CC-62DF-44B6-98DD-4B3073CCE2BA}.Release|Any CPU.Build.0 = Release|Any CPU
		{80985CF2-9EB2-4AD5-ABF4-4F25CB08B883}.Debug|Any CPU.ActiveCfg = Debug|Any CPU
		{80985CF2-9EB2-4AD5-ABF4-4F25CB08B883}.Debug|Any CPU.Build.0 = Debug|Any CPU
		{80985CF2-9EB2-4AD5-ABF4-4F25CB08B883}.Release|Any CPU.ActiveCfg = Release|Any CPU
		{80985CF2-9EB2-4AD5-ABF4-4F25CB08B883}.Release|Any CPU.Build.0 = Release|Any CPU
		{4BBC9BEB-8359-41E4-822B-A623D292F660}.Debug|Any CPU.ActiveCfg = Debug|Any CPU
		{4BBC9BEB-8359-41E4-822B-A623D292F660}.Debug|Any CPU.Build.0 = Debug|Any CPU
		{4BBC9BEB-8359-41E4-822B-A623D292F660}.Release|Any CPU.ActiveCfg = Release|Any CPU
		{4BBC9BEB-8359-41E4-822B-A623D292F660}.Release|Any CPU.Build.0 = Release|Any CPU
		{F5D6C765-1C49-4649-89BE-4BE3F9DA7C5D}.Debug|Any CPU.ActiveCfg = Debug|Any CPU
		{F5D6C765-1C49-4649-89BE-4BE3F9DA7C5D}.Debug|Any CPU.Build.0 = Debug|Any CPU
		{F5D6C765-1C49-4649-89BE-4BE3F9DA7C5D}.Release|Any CPU.ActiveCfg = Release|Any CPU
		{F5D6C765-1C49-4649-89BE-4BE3F9DA7C5D}.Release|Any CPU.Build.0 = Release|Any CPU
		{EF623E99-5E59-4FA0-BE38-A563C20BC483}.Debug|Any CPU.ActiveCfg = Debug|Any CPU
		{EF623E99-5E59-4FA0-BE38-A563C20BC483}.Debug|Any CPU.Build.0 = Debug|Any CPU
		{EF623E99-5E59-4FA0-BE38-A563C20BC483}.Release|Any CPU.ActiveCfg = Release|Any CPU
		{EF623E99-5E59-4FA0-BE38-A563C20BC483}.Release|Any CPU.Build.0 = Release|Any CPU
		{B99D9ACE-312E-4D2E-BD0F-71D4CD60DF15}.Debug|Any CPU.ActiveCfg = Debug|Any CPU
		{B99D9ACE-312E-4D2E-BD0F-71D4CD60DF15}.Debug|Any CPU.Build.0 = Debug|Any CPU
		{B99D9ACE-312E-4D2E-BD0F-71D4CD60DF15}.Release|Any CPU.ActiveCfg = Release|Any CPU
		{B99D9ACE-312E-4D2E-BD0F-71D4CD60DF15}.Release|Any CPU.Build.0 = Release|Any CPU
		{97453CF0-5DBF-4C2F-8463-872E40098560}.Debug|Any CPU.ActiveCfg = Debug|Any CPU
		{97453CF0-5DBF-4C2F-8463-872E40098560}.Debug|Any CPU.Build.0 = Debug|Any CPU
		{97453CF0-5DBF-4C2F-8463-872E40098560}.Release|Any CPU.ActiveCfg = Release|Any CPU
		{97453CF0-5DBF-4C2F-8463-872E40098560}.Release|Any CPU.Build.0 = Release|Any CPU
		{5ADB2188-4896-447A-8628-916627D8C065}.Debug|Any CPU.ActiveCfg = Debug|Any CPU
		{5ADB2188-4896-447A-8628-916627D8C065}.Debug|Any CPU.Build.0 = Debug|Any CPU
		{5ADB2188-4896-447A-8628-916627D8C065}.Release|Any CPU.ActiveCfg = Release|Any CPU
		{5ADB2188-4896-447A-8628-916627D8C065}.Release|Any CPU.Build.0 = Release|Any CPU
		{96D4A912-5408-4F92-9499-2747672C5264}.Debug|Any CPU.ActiveCfg = Debug|Any CPU
		{96D4A912-5408-4F92-9499-2747672C5264}.Debug|Any CPU.Build.0 = Debug|Any CPU
		{96D4A912-5408-4F92-9499-2747672C5264}.Release|Any CPU.ActiveCfg = Release|Any CPU
		{96D4A912-5408-4F92-9499-2747672C5264}.Release|Any CPU.Build.0 = Release|Any CPU
		{0E77B73F-3FA5-4B0B-B1EF-5DAE7DAFC9B2}.Debug|Any CPU.ActiveCfg = Debug|Any CPU
		{0E77B73F-3FA5-4B0B-B1EF-5DAE7DAFC9B2}.Debug|Any CPU.Build.0 = Debug|Any CPU
		{0E77B73F-3FA5-4B0B-B1EF-5DAE7DAFC9B2}.Release|Any CPU.ActiveCfg = Release|Any CPU
		{0E77B73F-3FA5-4B0B-B1EF-5DAE7DAFC9B2}.Release|Any CPU.Build.0 = Release|Any CPU
		{7F9BBA77-CE2B-4F30-9B91-DF4D881E7693}.Debug|Any CPU.ActiveCfg = Debug|Any CPU
		{7F9BBA77-CE2B-4F30-9B91-DF4D881E7693}.Debug|Any CPU.Build.0 = Debug|Any CPU
		{7F9BBA77-CE2B-4F30-9B91-DF4D881E7693}.Release|Any CPU.ActiveCfg = Release|Any CPU
		{7F9BBA77-CE2B-4F30-9B91-DF4D881E7693}.Release|Any CPU.Build.0 = Release|Any CPU
		{85ECAFDB-E3E9-46BB-A3E5-32C8CBD7B08C}.Debug|Any CPU.ActiveCfg = Debug|Any CPU
		{85ECAFDB-E3E9-46BB-A3E5-32C8CBD7B08C}.Debug|Any CPU.Build.0 = Debug|Any CPU
		{85ECAFDB-E3E9-46BB-A3E5-32C8CBD7B08C}.Release|Any CPU.ActiveCfg = Release|Any CPU
		{85ECAFDB-E3E9-46BB-A3E5-32C8CBD7B08C}.Release|Any CPU.Build.0 = Release|Any CPU
		{B152FD47-261A-4A90-BC30-7CBA51F834E6}.Debug|Any CPU.ActiveCfg = Debug|Any CPU
		{B152FD47-261A-4A90-BC30-7CBA51F834E6}.Debug|Any CPU.Build.0 = Debug|Any CPU
		{B152FD47-261A-4A90-BC30-7CBA51F834E6}.Release|Any CPU.ActiveCfg = Release|Any CPU
		{B152FD47-261A-4A90-BC30-7CBA51F834E6}.Release|Any CPU.Build.0 = Release|Any CPU
	EndGlobalSection
	GlobalSection(SolutionProperties) = preSolution
		HideSolutionNode = FALSE
	EndGlobalSection
EndGlobal
